PODS:
  - MJRefresh (3.3.1)
  - YJRefresh (1.0.3):
    - MJRefresh

DEPENDENCIES:
  - YJRefresh (from `../`)

SPEC REPOS:
  trunk:
    - MJRefresh

EXTERNAL SOURCES:
  YJRefresh:
    :path: "../"

SPEC CHECKSUMS:
  MJRefresh: eeda70fbf0ad277f3178cef1cd0c3532591d6237
  YJRefresh: 54afe79aab808243fdeee8bdc67a0ad7069850ea

PODFILE CHECKSUM: e8d1005abdece91039e8cd039a1edee507fc17d4

COCOAPODS: 1.8.4
